
Microsoft Visual Studio Solution File, Format Version 12.00
# Visual Studio Version 17
VisualStudioVersion = 17.6.33815.320
MinimumVisualStudioVersion = 10.0.40219.1
Project("{FAE04EC0-301F-11D3-BF4B-00C04F79EFBC}") = "Multilang", "Multilang.csproj", "{70990FDD-D62E-4B32-91B8-CA95AC3EB148}"
EndProject
Global
	GlobalSection(SolutionConfigurationPlatforms) = preSolution
		Debug|Any CPU = Debug|Any CPU
		Release|Any CPU = Release|Any CPU
	EndGlobalSection
	GlobalSection(ProjectConfigurationPlatforms) = postSolution
		{70990FDD-D62E-4B32-91B8-CA95AC3EB148}.Debug|Any CPU.ActiveCfg = Debug|Any CPU
		{70990FDD-D62E-4B32-91B8-CA95AC3EB148}.Debug|Any CPU.Build.0 = Debug|Any CPU
		{70990FDD-D62E-4B32-91B8-CA95AC3EB148}.Release|Any CPU.ActiveCfg = Release|Any CPU
		{70990FDD-D62E-4B32-91B8-CA95AC3EB148}.Release|Any CPU.Build.0 = Release|Any CPU
	EndGlobalSection
	GlobalSection(SolutionProperties) = preSolution
		HideSolutionNode = FALSE
	EndGlobalSection
	GlobalSection(ExtensibilityGlobals) = postSolution
		SolutionGuid = {4565F067-60F3-4596-9D61-7F6979811FBF}
	EndGlobalSection
EndGlobal
